
Microsoft Visual Studio Solution File, Format Version 12.00
# Visual Studio Version 16
VisualStudioVersion = 16.0.29201.188
MinimumVisualStudioVersion = 10.0.40219.1
Project("{FAE04EC0-301F-11D3-BF4B-00C04F79EFBC}") = "WFErrorHandling", "WFErrorHandling\WFErrorHandling.csproj", "{022CBB80-5854-4811-B6CE-F1664E068AB2}"
EndProject
Global
	GlobalSection(SolutionConfigurationPlatforms) = preSolution
		Debug|Any CPU = Debug|Any CPU
		Release|Any CPU = Release|Any CPU
	EndGlobalSection
	GlobalSection(ProjectConfigurationPlatforms) = postSolution
		{022CBB80-5854-4811-B6CE-F1664E068AB2}.Debug|Any CPU.ActiveCfg = Debug|Any CPU
		{022CBB80-5854-4811-B6CE-F1664E068AB2}.Debug|Any CPU.Build.0 = Debug|Any CPU
		{022CBB80-5854-4811-B6CE-F1664E068AB2}.Release|Any CPU.ActiveCfg = Release|Any CPU
		{022CBB80-5854-4811-B6CE-F1664E068AB2}.Release|Any CPU.Build.0 = Release|Any CPU
	EndGlobalSection
	GlobalSection(SolutionProperties) = preSolution
		HideSolutionNode = FALSE
	EndGlobalSection
	GlobalSection(ExtensibilityGlobals) = postSolution
		SolutionGuid = {9630EF44-7EA9-4570-AA09-EF0CC53293D1}
	EndGlobalSection
EndGlobal
